
Microsoft Visual Studio Solution File, Format Version 12.00
# Visual Studio Version 17
VisualStudioVersion = 17.4.33103.184
MinimumVisualStudioVersion = 10.0.40219.1
Project("{9A19103F-16F7-4668-BE54-9A1E7A4F7556}") = "ProyectoIdentity", "ProyectoIdentity\ProyectoIdentity.csproj", "{F3832FB0-5D8F-4D0A-955C-EF3B761AA6EC}"
EndProject
Project("{2150E333-8FDC-42A3-9474-1A3956D46DE8}") = "Solution Items", "Solution Items", "{66D0B9C0-4061-4308-AF55-5E5702E75C1C}"
	ProjectSection(SolutionItems) = preProject
		.editorconfig = .editorconfig
	EndProjectSection
EndProject
Global
	GlobalSection(SolutionConfigurationPlatforms) = preSolution
		Debug|Any CPU = Debug|Any CPU
		Release|Any CPU = Release|Any CPU
	EndGlobalSection
	GlobalSection(ProjectConfigurationPlatforms) = postSolution
		{F3832FB0-5D8F-4D0A-955C-EF3B761AA6EC}.Debug|Any CPU.ActiveCfg = Debug|Any CPU
		{F3832FB0-5D8F-4D0A-955C-EF3B761AA6EC}.Debug|Any CPU.Build.0 = Debug|Any CPU
		{F3832FB0-5D8F-4D0A-955C-EF3B761AA6EC}.Release|Any CPU.ActiveCfg = Release|Any CPU
		{F3832FB0-5D8F-4D0A-955C-EF3B761AA6EC}.Release|Any CPU.Build.0 = Release|Any CPU
	EndGlobalSection
	GlobalSection(SolutionProperties) = preSolution
		HideSolutionNode = FALSE
	EndGlobalSection
	GlobalSection(ExtensibilityGlobals) = postSolution
		SolutionGuid = {6310ADCF-8196-4885-AD82-B9F7FD01FEAA}
	EndGlobalSection
EndGlobal
